{
  "name": "@sutxt/tiny",
  "version": "1.0.0",
  "lockfileVersion": 1,
  "requires": true,
  "dependencies": {
    "@sutxt/fs": {
      "version": "1.0.11",
      "resolved": "https://registry.npmjs.org/@sutxt/fs/-/fs-1.0.11.tgz",
      "integrity": "sha512-y2zz+xL2ANUnCoYljC3+pF3TKCBQFAvTLJ7HHhRvzmuMJCge05CawWHTIu9Oi1/uatRY41Osk329H3plNKTzrQ=="
    },
    "commander": {
      "version": "4.1.1",
      "resolved": "https://registry.npmjs.org/commander/-/commander-4.1.1.tgz",
      "integrity": "sha512-NOKm8xhkzAjzFx8B2v5OAHT+u5pRQc2UCa2Vq9jYL/31o2wi9mxBA7LIFs3sV5VSC49z6pEhfbMULvShKj26WA=="
    }
  }
}
